{
  "nodes": {
    "adblock-unbound": {
      "inputs": {
        "adblockStevenBlack": [
          "adblockStevenBlack"
        ],
        "lancache-domains": "lancache-domains",
        "nixpkgs": [
          "nixpkgs"
        ]
      },
      "locked": {
        "lastModified": 1704832551,
        "narHash": "sha256-6xS/ANMIh3b4Ia3Ubl9rtb3LVw9QldihnP3IvuG9zwQ=",
        "owner": "MayNiklas",
        "repo": "nixos-adblock-unbound",
        "rev": "a5d3731836b1c2ca65834e07be03c02daca5b434",
        "type": "github"
      },
      "original": {
        "owner": "MayNiklas",
        "repo": "nixos-adblock-unbound",
        "type": "github"
      }
    },
    "adblock-unbound_2": {
      "inputs": {
        "adblockStevenBlack": [
          "mayniklas",
          "adblockStevenBlack"
        ],
        "lancache-domains": "lancache-domains_2",
        "nixpkgs": [
          "mayniklas",
          "nixpkgs"
        ]
      },
      "locked": {
        "lastModified": 1704832551,
        "narHash": "sha256-6xS/ANMIh3b4Ia3Ubl9rtb3LVw9QldihnP3IvuG9zwQ=",
        "owner": "MayNiklas",
        "repo": "nixos-adblock-unbound",
        "rev": "a5d3731836b1c2ca65834e07be03c02daca5b434",
        "type": "github"
      },
      "original": {
        "owner": "MayNiklas",
        "repo": "nixos-adblock-unbound",
        "type": "github"
      }
    },
    "adblockStevenBlack": {
      "flake": false,
      "locked": {
        "lastModified": 1757086236,
        "narHash": "sha256-bcQnByOCtEbdKQmtaESIM4xrPakuhrpCIqeh79UDUxE=",
        "owner": "StevenBlack",
        "repo": "hosts",
        "rev": "b0781e7975c0c09fe7e33fbcf9222193c9f36a25",
        "type": "github"
      },
      "original": {
        "owner": "StevenBlack",
        "repo": "hosts",
        "type": "github"
      }
    },
    "adblockStevenBlack_2": {
      "flake": false,
      "locked": {
        "lastModified": 1746736932,
        "narHash": "sha256-ISlve6L7Z/pi0Vkb6a7SW+3fsDX56IkjVDXNkTPFpJU=",
        "owner": "StevenBlack",
        "repo": "hosts",
        "rev": "d64ec295d025c6cac7b04f4859c8a8408c485fad",
        "type": "github"
      },
      "original": {
        "owner": "StevenBlack",
        "repo": "hosts",
        "type": "github"
      }
    },
    "blueprint": {
      "inputs": {
        "nixpkgs": "nixpkgs_2",
        "systems": "systems_2"
      },
      "locked": {
        "lastModified": 1752482368,
        "narHash": "sha256-yXGfQUfLuaf/Hwfwv7kb4N9naP2mEJdmQbpnlpZNozY=",
        "owner": "numtide",
        "repo": "blueprint",
        "rev": "01fc4563e791b61fbc8b8c31a4f6ce87648e926a",
        "type": "github"
      },
      "original": {
        "owner": "numtide",
        "ref": "refs/pull/122/head",
        "repo": "blueprint",
        "type": "github"
      }
    },
    "bonn-mensa": {
      "inputs": {
        "nixpkgs": [
          "nixpkgs"
        ]
      },
      "locked": {
        "lastModified": 1752046438,
        "narHash": "sha256-Eiwr8sahr+a8phf+7ZQRWNqXCukcIcFXSBxpIz18rBA=",
        "owner": "alexanderwallau",
        "repo": "bonn-mensa",
        "rev": "09ffa1f3615d87412612af8a019ade5599a27cc9",
        "type": "github"
      },
      "original": {
        "owner": "alexanderwallau",
        "repo": "bonn-mensa",
        "type": "github"
      }
    },
    "crab_share": {
      "inputs": {
        "nixpkgs": "nixpkgs"
      },
      "locked": {
        "lastModified": 1725955376,
        "narHash": "sha256-Y3F+WAfvukur4GRk0YCzifC5Wu6fIqxtrTRmlmQXKCc=",
        "owner": "lounge-rocks",
        "repo": "crab_share",
        "rev": "ddb90de83152c2154ba1c937a2d99aa96db2e4f9",
        "type": "github"
      },
      "original": {
        "owner": "lounge-rocks",
        "repo": "crab_share",
        "type": "github"
      }
    },
    "disko": {
      "inputs": {
        "nixpkgs": [
          "nixpkgs"
        ]
      },
      "locked": {
        "lastModified": 1756733629,
        "narHash": "sha256-dwWGlDhcO5SMIvMSTB4mjQ5Pvo2vtxvpIknhVnSz2I8=",
        "owner": "nix-community",
        "repo": "disko",
        "rev": "a5c4f2ab72e3d1ab43e3e65aa421c6f2bd2e12a1",
        "type": "github"
      },
      "original": {
        "owner": "nix-community",
        "repo": "disko",
        "type": "github"
      }
    },
    "flake-compat": {
      "flake": false,
      "locked": {
        "lastModified": 1627913399,
        "narHash": "sha256-hY8g6H2KFL8ownSiFeMOjwPC8P0ueXpCVEbxgda3pko=",
        "owner": "edolstra",
        "repo": "flake-compat",
        "rev": "12c64ca55c1014cdc1b16ed5a804aa8576601ff2",
        "type": "github"
      },
      "original": {
        "owner": "edolstra",
        "repo": "flake-compat",
        "type": "github"
      }
    },
    "flake-parts": {
      "inputs": {
        "nixpkgs-lib": [
          "mayniklas",
          "nix-fast-build",
          "nixpkgs"
        ]
      },
      "locked": {
        "lastModified": 1743550720,
        "narHash": "sha256-hIshGgKZCgWh6AYJpJmRgFdR3WUbkY04o82X05xqQiY=",
        "owner": "hercules-ci",
        "repo": "flake-parts",
        "rev": "c621e8422220273271f52058f618c94e405bb0f5",
        "type": "github"
      },
      "original": {
        "owner": "hercules-ci",
        "repo": "flake-parts",
        "type": "github"
      }
    },
    "flake-parts_2": {
      "inputs": {
        "nixpkgs-lib": [
          "nixvim",
          "nixpkgs"
        ]
      },
      "locked": {
        "lastModified": 1754487366,
        "narHash": "sha256-pHYj8gUBapuUzKV/kN/tR3Zvqc7o6gdFB9XKXIp1SQ8=",
        "owner": "hercules-ci",
        "repo": "flake-parts",
        "rev": "af66ad14b28a127c5c0f3bbb298218fc63528a18",
        "type": "github"
      },
      "original": {
        "owner": "hercules-ci",
        "repo": "flake-parts",
        "type": "github"
      }
    },
    "flake-parts_3": {
      "inputs": {
        "nixpkgs-lib": [
          "nur",
          "nixpkgs"
        ]
      },
      "locked": {
        "lastModified": 1733312601,
        "narHash": "sha256-4pDvzqnegAfRkPwO3wmwBhVi/Sye1mzps0zHWYnP88c=",
        "owner": "hercules-ci",
        "repo": "flake-parts",
        "rev": "205b12d8b7cd4802fbcb8e8ef6a0f1408781a4f9",
        "type": "github"
      },
      "original": {
        "owner": "hercules-ci",
        "repo": "flake-parts",
        "type": "github"
      }
    },
    "flake-utils": {
      "inputs": {
        "systems": "systems"
      },
      "locked": {
        "lastModified": 1731533236,
        "narHash": "sha256-l0KFg5HjrsfsO/JpG+r7fRrqm12kzFHyUHqHCVpMMbI=",
        "owner": "numtide",
        "repo": "flake-utils",
        "rev": "11707dc2f618dd54ca8739b309ec4fc024de578b",
        "type": "github"
      },
      "original": {
        "owner": "numtide",
        "repo": "flake-utils",
        "type": "github"
      }
    },
    "flake-utils_2": {
      "inputs": {
        "systems": "systems_3"
      },
      "locked": {
        "lastModified": 1731533236,
        "narHash": "sha256-l0KFg5HjrsfsO/JpG+r7fRrqm12kzFHyUHqHCVpMMbI=",
        "owner": "numtide",
        "repo": "flake-utils",
        "rev": "11707dc2f618dd54ca8739b309ec4fc024de578b",
        "type": "github"
      },
      "original": {
        "owner": "numtide",
        "repo": "flake-utils",
        "type": "github"
      }
    },
    "flake-utils_3": {
      "inputs": {
        "systems": "systems_4"
      },
      "locked": {
        "lastModified": 1681202837,
        "narHash": "sha256-H+Rh19JDwRtpVPAWp64F+rlEtxUWBAQW28eAi3SRSzg=",
        "owner": "numtide",
        "repo": "flake-utils",
        "rev": "cfacdce06f30d2b68473a46042957675eebb3401",
        "type": "github"
      },
      "original": {
        "owner": "numtide",
        "repo": "flake-utils",
        "type": "github"
      }
    },
    "flake-utils_4": {
      "locked": {
        "lastModified": 1629481132,
        "narHash": "sha256-JHgasjPR0/J1J3DRm4KxM4zTyAj4IOJY8vIl75v/kPI=",
        "owner": "numtide",
        "repo": "flake-utils",
        "rev": "997f7efcb746a9c140ce1f13c72263189225f482",
        "type": "github"
      },
      "original": {
        "owner": "numtide",
        "repo": "flake-utils",
        "type": "github"
      }
    },
    "flake-utils_5": {
      "inputs": {
        "systems": "systems_5"
      },
      "locked": {
        "lastModified": 1731533236,
        "narHash": "sha256-l0KFg5HjrsfsO/JpG+r7fRrqm12kzFHyUHqHCVpMMbI=",
        "owner": "numtide",
        "repo": "flake-utils",
        "rev": "11707dc2f618dd54ca8739b309ec4fc024de578b",
        "type": "github"
      },
      "original": {
        "owner": "numtide",
        "repo": "flake-utils",
        "type": "github"
      }
    },
    "flake-utils_6": {
      "inputs": {
        "systems": "systems_6"
      },
      "locked": {
        "lastModified": 1731533236,
        "narHash": "sha256-l0KFg5HjrsfsO/JpG+r7fRrqm12kzFHyUHqHCVpMMbI=",
        "owner": "numtide",
        "repo": "flake-utils",
        "rev": "11707dc2f618dd54ca8739b309ec4fc024de578b",
        "type": "github"
      },
      "original": {
        "owner": "numtide",
        "repo": "flake-utils",
        "type": "github"
      }
    },
    "flake-utils_7": {
      "inputs": {
        "systems": "systems_8"
      },
      "locked": {
        "lastModified": 1681202837,
        "narHash": "sha256-H+Rh19JDwRtpVPAWp64F+rlEtxUWBAQW28eAi3SRSzg=",
        "owner": "numtide",
        "repo": "flake-utils",
        "rev": "cfacdce06f30d2b68473a46042957675eebb3401",
        "type": "github"
      },
      "original": {
        "owner": "numtide",
        "repo": "flake-utils",
        "type": "github"
      }
    },
    "home-manager": {
      "inputs": {
        "nixpkgs": [
          "nixpkgs"
        ]
      },
      "locked": {
        "lastModified": 1757075491,
        "narHash": "sha256-a+NMGl5tcvm+hyfSG2DlVPa8nZLpsumuRj1FfcKb2mQ=",
        "owner": "nix-community",
        "repo": "home-manager",
        "rev": "f56bf065f9abedc7bc15e1f2454aa5c8edabaacf",
        "type": "github"
      },
      "original": {
        "owner": "nix-community",
        "repo": "home-manager",
        "type": "github"
      }
    },
    "ixx": {
      "inputs": {
        "flake-utils": [
          "nixvim",
          "nuschtosSearch",
          "flake-utils"
        ],
        "nixpkgs": [
          "nixvim",
          "nuschtosSearch",
          "nixpkgs"
        ]
      },
      "locked": {
        "lastModified": 1754860581,
        "narHash": "sha256-EM0IE63OHxXCOpDHXaTyHIOk2cNvMCGPqLt/IdtVxgk=",
        "owner": "NuschtOS",
        "repo": "ixx",
        "rev": "babfe85a876162c4acc9ab6fb4483df88fa1f281",
        "type": "github"
      },
      "original": {
        "owner": "NuschtOS",
        "ref": "v0.1.1",
        "repo": "ixx",
        "type": "github"
      }
    },
    "lancache-domains": {
      "flake": false,
      "locked": {
        "lastModified": 1679999806,
        "narHash": "sha256-oDZ2pSf8IgofRS4HaRppGcd4kHQj48AC9dkS++avYy8=",
        "owner": "uklans",
        "repo": "cache-domains",
        "rev": "31b2ba1e0a7c419327cb97f589b508d78b9aecbf",
        "type": "github"
      },
      "original": {
        "owner": "uklans",
        "repo": "cache-domains",
        "type": "github"
      }
    },
    "lancache-domains_2": {
      "flake": false,
      "locked": {
        "lastModified": 1679999806,
        "narHash": "sha256-oDZ2pSf8IgofRS4HaRppGcd4kHQj48AC9dkS++avYy8=",
        "owner": "uklans",
        "repo": "cache-domains",
        "rev": "31b2ba1e0a7c419327cb97f589b508d78b9aecbf",
        "type": "github"
      },
      "original": {
        "owner": "uklans",
        "repo": "cache-domains",
        "type": "github"
      }
    },
    "lollypops": {
      "inputs": {
        "blueprint": "blueprint",
        "nixpkgs": [
          "nixpkgs"
        ]
      },
      "locked": {
        "lastModified": 1754783773,
        "narHash": "sha256-9mrqHAvfzccj4lfImDXMZBdle6iNJMTOFuv/OAtxxPU=",
        "owner": "pinpox",
        "repo": "lollypops",
        "rev": "f77292c332ad23439e22b2ef1069e1facf178ae9",
        "type": "github"
      },
      "original": {
        "owner": "pinpox",
        "repo": "lollypops",
        "type": "github"
      }
    },
    "mayniklas": {
      "inputs": {
        "adblock-unbound": "adblock-unbound_2",
        "adblockStevenBlack": "adblockStevenBlack_2",
        "disko": [
          "disko"
        ],
        "flake-utils": "flake-utils_2",
        "home-manager": [
          "home-manager"
        ],
        "lollypops": [
          "lollypops"
        ],
        "nix-fast-build": "nix-fast-build",
        "nixos-hardware": [
          "nixos-hardware"
        ],
        "nixpkgs": [
          "nixpkgs"
        ],
        "ondsel": "ondsel",
        "shelly-exporter": "shelly-exporter",
        "valorant-exporter": "valorant-exporter",
        "vscode-server": "vscode-server",
        "wallpaper-generator": "wallpaper-generator"
      },
      "locked": {
        "lastModified": 1755427772,
        "narHash": "sha256-QcVsv2BWj1ACcGfkb9JIKGVZ9GtP4vlc7a49PVpuLww=",
        "owner": "MayNiklas",
        "repo": "nixos",
        "rev": "de93b41af8dea99e1f49ddf742a623b3537671b3",
        "type": "github"
      },
      "original": {
        "owner": "MayNiklas",
        "repo": "nixos",
        "type": "github"
      }
    },
    "nix-fast-build": {
      "inputs": {
        "flake-parts": "flake-parts",
        "nixpkgs": "nixpkgs_3",
        "treefmt-nix": "treefmt-nix"
      },
      "locked": {
        "lastModified": 1746887075,
        "narHash": "sha256-44GrKkww1p4XOANN2WpXonMsnP8+SPi4wrvERWCSb7g=",
        "owner": "Mic92",
        "repo": "nix-fast-build",
        "rev": "a803b722190a857768b06b4a804aee53c26ee49b",
        "type": "github"
      },
      "original": {
        "owner": "Mic92",
        "repo": "nix-fast-build",
        "type": "github"
      }
    },
    "nixgl": {
      "inputs": {
        "flake-utils": "flake-utils_5",
        "nixpkgs": [
          "nixpkgs"
        ]
      },
      "locked": {
        "lastModified": 1752054764,
        "narHash": "sha256-Ob/HuUhANoDs+nvYqyTKrkcPXf4ZgXoqMTQoCK0RFgQ=",
        "owner": "guibou",
        "repo": "nixGL",
        "rev": "a8e1ce7d49a149ed70df676785b07f63288f53c5",
        "type": "github"
      },
      "original": {
        "owner": "guibou",
        "repo": "nixGL",
        "type": "github"
      }
    },
    "nixlib": {
      "locked": {
        "lastModified": 1736643958,
        "narHash": "sha256-tmpqTSWVRJVhpvfSN9KXBvKEXplrwKnSZNAoNPf/S/s=",
        "owner": "nix-community",
        "repo": "nixpkgs.lib",
        "rev": "1418bc28a52126761c02dd3d89b2d8ca0f521181",
        "type": "github"
      },
      "original": {
        "owner": "nix-community",
        "repo": "nixpkgs.lib",
        "type": "github"
      }
    },
    "nixos-generators": {
      "inputs": {
        "nixlib": "nixlib",
        "nixpkgs": [
          "nixpkgs"
        ]
      },
      "locked": {
        "lastModified": 1751903740,
        "narHash": "sha256-PeSkNMvkpEvts+9DjFiop1iT2JuBpyknmBUs0Un0a4I=",
        "owner": "nix-community",
        "repo": "nixos-generators",
        "rev": "032decf9db65efed428afd2fa39d80f7089085eb",
        "type": "github"
      },
      "original": {
        "owner": "nix-community",
        "repo": "nixos-generators",
        "type": "github"
      }
    },
    "nixos-hardware": {
      "locked": {
        "lastModified": 1757103352,
        "narHash": "sha256-PtT7ix43ss8PONJ1VJw3f6t2yAoGH+q462Sn8lrmWmk=",
        "owner": "NixOS",
        "repo": "nixos-hardware",
        "rev": "11b2a10c7be726321bb854403fdeec391e798bf0",
        "type": "github"
      },
      "original": {
        "owner": "NixOS",
        "ref": "master",
        "repo": "nixos-hardware",
        "type": "github"
      }
    },
    "nixpkgs": {
      "locked": {
        "lastModified": 1687502512,
        "narHash": "sha256-dBL/01TayOSZYxtY4cMXuNCBk8UMLoqRZA+94xiFpJA=",
        "owner": "nixos",
        "repo": "nixpkgs",
        "rev": "3ae20aa58a6c0d1ca95c9b11f59a2d12eebc511f",
        "type": "github"
      },
      "original": {
        "owner": "nixos",
        "ref": "nixos-unstable",
        "repo": "nixpkgs",
        "type": "github"
      }
    },
    "nixpkgs_2": {
      "locked": {
        "lastModified": 1741513245,
        "narHash": "sha256-7rTAMNTY1xoBwz0h7ZMtEcd8LELk9R5TzBPoHuhNSCk=",
        "owner": "nixos",
        "repo": "nixpkgs",
        "rev": "e3e32b642a31e6714ec1b712de8c91a3352ce7e1",
        "type": "github"
      },
      "original": {
        "owner": "nixos",
        "ref": "nixos-unstable",
        "repo": "nixpkgs",
        "type": "github"
      }
    },
    "nixpkgs_3": {
      "locked": {
        "lastModified": 1746873234,
        "narHash": "sha256-tra1sLvbOyX9qmEOB/TSfTEZv4r+o7eNACTDPL0taOQ=",
        "owner": "NixOS",
        "repo": "nixpkgs",
        "rev": "5f833dd447bf289c952818f7ce8686a614840b6e",
        "type": "github"
      },
      "original": {
        "owner": "NixOS",
        "ref": "nixos-unstable-small",
        "repo": "nixpkgs",
        "type": "github"
      }
    },
    "nixpkgs_4": {
      "locked": {
        "lastModified": 1709961763,
        "narHash": "sha256-6H95HGJHhEZtyYA3rIQpvamMKAGoa8Yh2rFV29QnuGw=",
        "owner": "NixOS",
        "repo": "nixpkgs",
        "rev": "3030f185ba6a4bf4f18b87f345f104e6a6961f34",
        "type": "github"
      },
      "original": {
        "id": "nixpkgs",
        "ref": "nixos-unstable",
        "type": "indirect"
      }
    },
    "nixpkgs_5": {
      "locked": {
        "lastModified": 1682134069,
        "narHash": "sha256-TnI/ZXSmRxQDt2sjRYK/8j8iha4B4zP2cnQCZZ3vp7k=",
        "owner": "NixOS",
        "repo": "nixpkgs",
        "rev": "fd901ef4bf93499374c5af385b2943f5801c0833",
        "type": "github"
      },
      "original": {
        "id": "nixpkgs",
        "type": "indirect"
      }
    },
    "nixpkgs_6": {
      "locked": {
        "lastModified": 1629618782,
        "narHash": "sha256-2K8SSXu3alo/URI3MClGdDSns6Gb4ZaW4LET53UWyKk=",
        "owner": "nixos",
        "repo": "nixpkgs",
        "rev": "870959c7fb3a42af1863bed9e1756086a74eb649",
        "type": "github"
      },
      "original": {
        "owner": "nixos",
        "ref": "nixos-unstable",
        "repo": "nixpkgs",
        "type": "github"
      }
    },
    "nixpkgs_7": {
      "locked": {
        "lastModified": 1757068644,
        "narHash": "sha256-NOrUtIhTkIIumj1E/Rsv1J37Yi3xGStISEo8tZm3KW4=",
        "owner": "nixos",
        "repo": "nixpkgs",
        "rev": "8eb28adfa3dc4de28e792e3bf49fcf9007ca8ac9",
        "type": "github"
      },
      "original": {
        "owner": "nixos",
        "ref": "nixos-unstable",
        "repo": "nixpkgs",
        "type": "github"
      }
    },
    "nixpkgs_8": {
      "locked": {
        "lastModified": 1757068644,
        "narHash": "sha256-NOrUtIhTkIIumj1E/Rsv1J37Yi3xGStISEo8tZm3KW4=",
        "owner": "nixos",
        "repo": "nixpkgs",
        "rev": "8eb28adfa3dc4de28e792e3bf49fcf9007ca8ac9",
        "type": "github"
      },
      "original": {
        "owner": "nixos",
        "ref": "nixos-unstable",
        "repo": "nixpkgs",
        "type": "github"
      }
    },
    "nixvim": {
      "inputs": {
        "flake-parts": "flake-parts_2",
        "nixpkgs": [
          "nixpkgs"
        ],
        "nuschtosSearch": "nuschtosSearch",
        "systems": "systems_7"
      },
      "locked": {
        "lastModified": 1757176284,
        "narHash": "sha256-j4SBmYsARwNG0DHljZ1uzZlGqCIU5fzCMA2g+GjD0xw=",
        "owner": "nix-community",
        "repo": "nixvim",
        "rev": "7afdd40b96c9168aa4cb49b86fc67eccd441cae5",
        "type": "github"
      },
      "original": {
        "owner": "nix-community",
        "repo": "nixvim",
        "type": "github"
      }
    },
    "nur": {
      "inputs": {
        "flake-parts": "flake-parts_3",
        "nixpkgs": "nixpkgs_8"
      },
      "locked": {
        "lastModified": 1757209845,
        "narHash": "sha256-UOqIKs+ObXTydrmkIAI5V/xbqhYJ3iwtWDmOAQq1y9Q=",
        "owner": "nix-community",
        "repo": "NUR",
        "rev": "0cf8e952f2336d09ef7695dccc7fe9e89445ea9c",
        "type": "github"
      },
      "original": {
        "owner": "nix-community",
        "repo": "NUR",
        "type": "github"
      }
    },
    "nuschtosSearch": {
      "inputs": {
        "flake-utils": "flake-utils_6",
        "ixx": "ixx",
        "nixpkgs": [
          "nixvim",
          "nixpkgs"
        ]
      },
      "locked": {
        "lastModified": 1755555503,
        "narHash": "sha256-WiOO7GUOsJ4/DoMy2IC5InnqRDSo2U11la48vCCIjjY=",
        "owner": "NuschtOS",
        "repo": "search",
        "rev": "6f3efef888b92e6520f10eae15b86ff537e1d2ea",
        "type": "github"
      },
      "original": {
        "owner": "NuschtOS",
        "repo": "search",
        "type": "github"
      }
    },
    "ondsel": {
      "inputs": {
        "nixpkgs": "nixpkgs_4",
        "ondsel-appimage-aarch64-linux": "ondsel-appimage-aarch64-linux",
        "ondsel-appimage-x86_64-linux": "ondsel-appimage-x86_64-linux",
        "ondsel-feedstock": "ondsel-feedstock"
      },
      "locked": {
        "lastModified": 1710165992,
        "narHash": "sha256-Nk/bndskmQJCiyqkhQJOEffZAL6hAP/B1efETSjxOWE=",
        "owner": "pinpox",
        "repo": "ondsel-nix",
        "rev": "4a9755b94488d38400cdd10ec3fa9fe30d6140af",
        "type": "github"
      },
      "original": {
        "owner": "pinpox",
        "repo": "ondsel-nix",
        "type": "github"
      }
    },
    "ondsel-appimage-aarch64-linux": {
      "flake": false,
      "locked": {
        "narHash": "sha256-+5t+JbblTb8psKjLB/urN34ZsLnOSLuTGVzAiOmmWJg=",
        "type": "file",
        "url": "https://github.com/Ondsel-Development/FreeCAD/releases/download/2024.1.0/Ondsel_ES_2024.1.0.35694-Linux-aarch64.AppImage"
      },
      "original": {
        "type": "file",
        "url": "https://github.com/Ondsel-Development/FreeCAD/releases/download/2024.1.0/Ondsel_ES_2024.1.0.35694-Linux-aarch64.AppImage"
      }
    },
    "ondsel-appimage-aarch64-linux_2": {
      "flake": false,
      "locked": {
        "narHash": "sha256-+5t+JbblTb8psKjLB/urN34ZsLnOSLuTGVzAiOmmWJg=",
        "type": "file",
        "url": "https://github.com/Ondsel-Development/FreeCAD/releases/download/2024.1.0/Ondsel_ES_2024.1.0.35694-Linux-aarch64.AppImage"
      },
      "original": {
        "type": "file",
        "url": "https://github.com/Ondsel-Development/FreeCAD/releases/download/2024.1.0/Ondsel_ES_2024.1.0.35694-Linux-aarch64.AppImage"
      }
    },
    "ondsel-appimage-x86_64-linux": {
      "flake": false,
      "locked": {
        "narHash": "sha256-VB/JmEdDhyOZNqPTWN7DyGXyxYO8BQYbo5nj+rHWByY=",
        "type": "file",
        "url": "https://github.com/Ondsel-Development/FreeCAD/releases/download/2024.1.0/Ondsel_ES_2024.1.0.35694-Linux-x86_64.AppImage"
      },
      "original": {
        "type": "file",
        "url": "https://github.com/Ondsel-Development/FreeCAD/releases/download/2024.1.0/Ondsel_ES_2024.1.0.35694-Linux-x86_64.AppImage"
      }
    },
    "ondsel-appimage-x86_64-linux_2": {
      "flake": false,
      "locked": {
        "narHash": "sha256-VB/JmEdDhyOZNqPTWN7DyGXyxYO8BQYbo5nj+rHWByY=",
        "type": "file",
        "url": "https://github.com/Ondsel-Development/FreeCAD/releases/download/2024.1.0/Ondsel_ES_2024.1.0.35694-Linux-x86_64.AppImage"
      },
      "original": {
        "type": "file",
        "url": "https://github.com/Ondsel-Development/FreeCAD/releases/download/2024.1.0/Ondsel_ES_2024.1.0.35694-Linux-x86_64.AppImage"
      }
    },
    "ondsel-feedstock": {
      "flake": false,
      "locked": {
        "lastModified": 1709583214,
        "narHash": "sha256-H5LbcK5iXS+QFhMayvCDSfXk2ulc6BJXWVwv97nPH9o=",
        "owner": "Ondsel-Development",
        "repo": "freecad-feedstock",
        "rev": "386fab80c8aaa3bb1b9454aee8695c959d642bac",
        "type": "github"
      },
      "original": {
        "owner": "Ondsel-Development",
        "repo": "freecad-feedstock",
        "type": "github"
      }
    },
    "ondsel-feedstock_2": {
      "flake": false,
      "locked": {
        "lastModified": 1709583214,
        "narHash": "sha256-H5LbcK5iXS+QFhMayvCDSfXk2ulc6BJXWVwv97nPH9o=",
        "owner": "Ondsel-Development",
        "repo": "freecad-feedstock",
        "rev": "386fab80c8aaa3bb1b9454aee8695c959d642bac",
        "type": "github"
      },
      "original": {
        "owner": "Ondsel-Development",
        "repo": "freecad-feedstock",
        "type": "github"
      }
    },
    "ondsel_2": {
      "inputs": {
        "nixpkgs": [
          "nixpkgs"
        ],
        "ondsel-appimage-aarch64-linux": "ondsel-appimage-aarch64-linux_2",
        "ondsel-appimage-x86_64-linux": "ondsel-appimage-x86_64-linux_2",
        "ondsel-feedstock": "ondsel-feedstock_2"
      },
      "locked": {
        "lastModified": 1710165992,
        "narHash": "sha256-Nk/bndskmQJCiyqkhQJOEffZAL6hAP/B1efETSjxOWE=",
        "owner": "pinpox",
        "repo": "ondsel-nix",
        "rev": "4a9755b94488d38400cdd10ec3fa9fe30d6140af",
        "type": "github"
      },
      "original": {
        "owner": "pinpox",
        "repo": "ondsel-nix",
        "type": "github"
      }
    },
    "root": {
      "inputs": {
        "adblock-unbound": "adblock-unbound",
        "adblockStevenBlack": "adblockStevenBlack",
        "bonn-mensa": "bonn-mensa",
        "crab_share": "crab_share",
        "disko": "disko",
        "flake-utils": "flake-utils",
        "home-manager": "home-manager",
        "lollypops": "lollypops",
        "mayniklas": "mayniklas",
        "nixgl": "nixgl",
        "nixos-generators": "nixos-generators",
        "nixos-hardware": "nixos-hardware",
        "nixpkgs": "nixpkgs_7",
        "nixvim": "nixvim",
        "nur": "nur",
        "ondsel": "ondsel_2",
        "sops-nix": "sops-nix",
        "vscode-server": "vscode-server_2"
      }
    },
    "shelly-exporter": {
      "inputs": {
        "flake-utils": [
          "mayniklas",
          "flake-utils"
        ],
        "nixpkgs": [
          "mayniklas",
          "nixpkgs"
        ]
      },
      "locked": {
        "lastModified": 1711874430,
        "narHash": "sha256-S6OzsUJjcvyYqU4jG/+1P5Jx4Iq9grjXY+D9HwavJVI=",
        "owner": "MayNiklas",
        "repo": "shelly-exporter",
        "rev": "24e8a12f229f86c08ec00d86b3986c6466eb9692",
        "type": "github"
      },
      "original": {
        "owner": "MayNiklas",
        "repo": "shelly-exporter",
        "type": "github"
      }
    },
    "sops-nix": {
      "inputs": {
        "nixpkgs": [
          "nixpkgs"
        ]
      },
      "locked": {
        "lastModified": 1754988908,
        "narHash": "sha256-t+voe2961vCgrzPFtZxha0/kmFSHFobzF00sT8p9h0U=",
        "owner": "Mic92",
        "repo": "sops-nix",
        "rev": "3223c7a92724b5d804e9988c6b447a0d09017d48",
        "type": "github"
      },
      "original": {
        "owner": "Mic92",
        "repo": "sops-nix",
        "type": "github"
      }
    },
    "systems": {
      "locked": {
        "lastModified": 1681028828,
        "narHash": "sha256-Vy1rq5AaRuLzOxct8nz4T6wlgyUR7zLU309k9mBC768=",
        "owner": "nix-systems",
        "repo": "default",
        "rev": "da67096a3b9bf56a91d16901293e51ba5b49a27e",
        "type": "github"
      },
      "original": {
        "owner": "nix-systems",
        "repo": "default",
        "type": "github"
      }
    },
    "systems_2": {
      "locked": {
        "lastModified": 1681028828,
        "narHash": "sha256-Vy1rq5AaRuLzOxct8nz4T6wlgyUR7zLU309k9mBC768=",
        "owner": "nix-systems",
        "repo": "default",
        "rev": "da67096a3b9bf56a91d16901293e51ba5b49a27e",
        "type": "github"
      },
      "original": {
        "owner": "nix-systems",
        "repo": "default",
        "type": "github"
      }
    },
    "systems_3": {
      "locked": {
        "lastModified": 1681028828,
        "narHash": "sha256-Vy1rq5AaRuLzOxct8nz4T6wlgyUR7zLU309k9mBC768=",
        "owner": "nix-systems",
        "repo": "default",
        "rev": "da67096a3b9bf56a91d16901293e51ba5b49a27e",
        "type": "github"
      },
      "original": {
        "owner": "nix-systems",
        "repo": "default",
        "type": "github"
      }
    },
    "systems_4": {
      "locked": {
        "lastModified": 1681028828,
        "narHash": "sha256-Vy1rq5AaRuLzOxct8nz4T6wlgyUR7zLU309k9mBC768=",
        "owner": "nix-systems",
        "repo": "default",
        "rev": "da67096a3b9bf56a91d16901293e51ba5b49a27e",
        "type": "github"
      },
      "original": {
        "owner": "nix-systems",
        "repo": "default",
        "type": "github"
      }
    },
    "systems_5": {
      "locked": {
        "lastModified": 1681028828,
        "narHash": "sha256-Vy1rq5AaRuLzOxct8nz4T6wlgyUR7zLU309k9mBC768=",
        "owner": "nix-systems",
        "repo": "default",
        "rev": "da67096a3b9bf56a91d16901293e51ba5b49a27e",
        "type": "github"
      },
      "original": {
        "owner": "nix-systems",
        "repo": "default",
        "type": "github"
      }
    },
    "systems_6": {
      "locked": {
        "lastModified": 1681028828,
        "narHash": "sha256-Vy1rq5AaRuLzOxct8nz4T6wlgyUR7zLU309k9mBC768=",
        "owner": "nix-systems",
        "repo": "default",
        "rev": "da67096a3b9bf56a91d16901293e51ba5b49a27e",
        "type": "github"
      },
      "original": {
        "owner": "nix-systems",
        "repo": "default",
        "type": "github"
      }
    },
    "systems_7": {
      "locked": {
        "lastModified": 1681028828,
        "narHash": "sha256-Vy1rq5AaRuLzOxct8nz4T6wlgyUR7zLU309k9mBC768=",
        "owner": "nix-systems",
        "repo": "default",
        "rev": "da67096a3b9bf56a91d16901293e51ba5b49a27e",
        "type": "github"
      },
      "original": {
        "owner": "nix-systems",
        "repo": "default",
        "type": "github"
      }
    },
    "systems_8": {
      "locked": {
        "lastModified": 1681028828,
        "narHash": "sha256-Vy1rq5AaRuLzOxct8nz4T6wlgyUR7zLU309k9mBC768=",
        "owner": "nix-systems",
        "repo": "default",
        "rev": "da67096a3b9bf56a91d16901293e51ba5b49a27e",
        "type": "github"
      },
      "original": {
        "owner": "nix-systems",
        "repo": "default",
        "type": "github"
      }
    },
    "treefmt-nix": {
      "inputs": {
        "nixpkgs": [
          "mayniklas",
          "nix-fast-build",
          "nixpkgs"
        ]
      },
      "locked": {
        "lastModified": 1746216483,
        "narHash": "sha256-4h3s1L/kKqt3gMDcVfN8/4v2jqHrgLIe4qok4ApH5x4=",
        "owner": "numtide",
        "repo": "treefmt-nix",
        "rev": "29ec5026372e0dec56f890e50dbe4f45930320fd",
        "type": "github"
      },
      "original": {
        "owner": "numtide",
        "repo": "treefmt-nix",
        "type": "github"
      }
    },
    "valorant-exporter": {
      "inputs": {
        "flake-utils": [
          "mayniklas",
          "flake-utils"
        ],
        "nixpkgs": [
          "mayniklas",
          "nixpkgs"
        ]
      },
      "locked": {
        "lastModified": 1711875124,
        "narHash": "sha256-GuoUQueMX06djY2ER8OzJUGDex5biYqk0FZMJxw6Kp8=",
        "owner": "MayNiklas",
        "repo": "valorant-exporter",
        "rev": "dca1a05f66d88354f6291e72fc598dc601cdc578",
        "type": "github"
      },
      "original": {
        "owner": "MayNiklas",
        "repo": "valorant-exporter",
        "type": "github"
      }
    },
    "vscode-server": {
      "inputs": {
        "flake-utils": "flake-utils_3",
        "nixpkgs": "nixpkgs_5"
      },
      "locked": {
        "lastModified": 1729422940,
        "narHash": "sha256-DlvJv33ml5UTKgu4b0HauOfFIoDx6QXtbqUF3vWeRCY=",
        "owner": "msteen",
        "repo": "nixos-vscode-server",
        "rev": "8b6db451de46ecf9b4ab3d01ef76e59957ff549f",
        "type": "github"
      },
      "original": {
        "owner": "msteen",
        "repo": "nixos-vscode-server",
        "type": "github"
      }
    },
    "vscode-server_2": {
      "inputs": {
        "flake-utils": "flake-utils_7",
        "nixpkgs": [
          "nixpkgs"
        ]
      },
      "locked": {
        "lastModified": 1753541826,
        "narHash": "sha256-foGgZu8+bCNIGeuDqQ84jNbmKZpd+JvnrL2WlyU4tuU=",
        "owner": "msteen",
        "repo": "nixos-vscode-server",
        "rev": "6d5f074e4811d143d44169ba4af09b20ddb6937d",
        "type": "github"
      },
      "original": {
        "owner": "msteen",
        "repo": "nixos-vscode-server",
        "type": "github"
      }
    },
    "wallpaper-generator": {
      "inputs": {
        "flake-compat": "flake-compat",
        "flake-utils": "flake-utils_4",
        "nixpkgs": "nixpkgs_6"
      },
      "locked": {
        "lastModified": 1672425573,
        "narHash": "sha256-/5axSF9ow9R+5VDaXS/ehs14kkIY6xICxoWJ791nHGY=",
        "owner": "pinpox",
        "repo": "wallpaper-generator",
        "rev": "6461fa794745fb18f2b04f58015e9a2871ca7099",
        "type": "github"
      },
      "original": {
        "owner": "pinpox",
        "repo": "wallpaper-generator",
        "rev": "6461fa794745fb18f2b04f58015e9a2871ca7099",
        "type": "github"
      }
    }
  },
  "root": "root",
  "version": 7
}
